
Microsoft Visual Studio Solution File, Format Version 12.00
# Visual Studio Version 16
VisualStudioVersion = 16.0.29424.173
MinimumVisualStudioVersion = 10.0.40219.1
Project("{FAE04EC0-301F-11D3-BF4B-00C04F79EFBC}") = "DesignPatters_State", "DesignPatters_State\DesignPatters_State.csproj", "{D2CC675F-EEA2-4A02-8228-3FC097914409}"
EndProject
Global
	GlobalSection(SolutionConfigurationPlatforms) = preSolution
		Debug|Any CPU = Debug|Any CPU
		Release|Any CPU = Release|Any CPU
	EndGlobalSection
	GlobalSection(ProjectConfigurationPlatforms) = postSolution
		{D2CC675F-EEA2-4A02-8228-3FC097914409}.Debug|Any CPU.ActiveCfg = Debug|Any CPU
		{D2CC675F-EEA2-4A02-8228-3FC097914409}.Debug|Any CPU.Build.0 = Debug|Any CPU
		{D2CC675F-EEA2-4A02-8228-3FC097914409}.Release|Any CPU.ActiveCfg = Release|Any CPU
		{D2CC675F-EEA2-4A02-8228-3FC097914409}.Release|Any CPU.Build.0 = Release|Any CPU
	EndGlobalSection
	GlobalSection(SolutionProperties) = preSolution
		HideSolutionNode = FALSE
	EndGlobalSection
	GlobalSection(ExtensibilityGlobals) = postSolution
		SolutionGuid = {13AA7517-2EF4-4E0F-86F4-EFD9D5D723E0}
	EndGlobalSection
EndGlobal
